{
  "name": "npm",
  "lockfileVersion": 3,
  "requires": true,
  "packages": {
    "": {
      "workspaces": [
        "packages/*"
      ]
    },
    "node_modules/cli": {
      "resolved": "packages/cli",
      "link": true
    },
    "node_modules/core": {
      "resolved": "packages/core",
      "link": true
    },
    "node_modules/utils": {
      "resolved": "packages/utils",
      "link": true
    },
    "packages/cli": {},
    "packages/core": {},
    "packages/utils": {}
  }
}
