{
  "name": "npm-workspaces",
  "lockfileVersion": 3,
  "requires": true,
  "packages": {
    "": {
      "workspaces": [
        "packages/*"
      ]
    },
    "node_modules/@example/cli": {
      "resolved": "packages/cli",
      "link": true
    },
    "node_modules/@example/core": {
      "resolved": "packages/core",
      "link": true
    },
    "node_modules/@example/utils": {
      "resolved": "packages/utils",
      "link": true
    },
    "packages/cli": {
      "name": "@example/cli",
      "version": "1.2.3",
      "dependencies": {
        "@example/core": "1.2.3"
      }
    },
    "packages/core": {
      "name": "@example/core",
      "version": "1.2.3",
      "dependencies": {
        "@example/utils": "1.2.3"
      }
    },
    "packages/utils": {
      "name": "@example/utils",
      "version": "1.2.3"
    }
  }
}
