{
  "name": "npm-repo",
  "lockfileVersion": 3,
  "requires": true,
  "packages": {
    "": {
      "dependencies": {
        "express": "3.0.0"
      }
    },
    "node_modules/bytes": {
      "version": "0.1.0",
      "resolved": "https://registry.npmjs.org/bytes/-/bytes-0.1.0.tgz",
      "integrity": "sha512-zTSmfpu7b+Mll4T9ZjTYUO3Q6+m+F3ZEQ515ZECaAFhmmHiRl/UcdcAsuFyVklbMRo9GWyRyqTsB6C6ahjGnVA=="
    },
    "node_modules/commander": {
      "version": "0.6.1",
      "resolved": "https://registry.npmjs.org/commander/-/commander-0.6.1.tgz",
      "integrity": "sha512-0fLycpl1UMTGX257hRsu/arL/cUbcvQM4zMKwvLvzXtfdezIV4yotPS2dYtknF+NmEfWSoCEF6+hj9XLm/6hEw==",
      "engines": {
        "node": ">= 0.4.x"
      }
    },
    "node_modules/connect": {
      "version": "2.6.0",
      "resolved": "https://registry.npmjs.org/connect/-/connect-2.6.0.tgz",
      "integrity": "sha512-DKQC8Lf4WordoUU+GKP2DkTx3j+G2S+pXCOeZMQ/K0MCoShSuE9HB4ZvZQOQCqnAqUImOdcR9l+p0wvaxN7Riw==",
      "deprecated": "connect 2.x series is deprecated",
      "dependencies": {
        "bytes": "0.1.0",
        "cookie": "0.0.4",
        "crc": "0.2.0",
        "debug": "*",
        "formidable": "1.0.11",
        "fresh": "0.1.0",
        "pause": "0.0.1",
        "qs": "0.5.1",
        "send": "0.0.4"
      },
      "engines": {
        "node": ">= 0.5.0"
      }
    },
    "node_modules/connect/node_modules/send": {
      "version": "0.0.4",
      "resolved": "https://registry.npmjs.org/send/-/send-0.0.4.tgz",
      "integrity": "sha512-weKMWbrKdW7kqeHbk1IWf+u25CqLx1xrqhDrRUV02yW5BNzUp783GRxgxziFWH3QGrQPMvR5/DTUN9RuO2u9ew==",
      "dependencies": {
        "debug": "*",
        "fresh": "0.1.0",
        "mime": "1.2.6",
        "range-parser": "0.0.4"
      }
    },
    "node_modules/cookie": {
      "version": "0.0.4",
      "resolved": "https://registry.npmjs.org/cookie/-/cookie-0.0.4.tgz",
      "integrity": "sha512-K4/8ihPVK55g3atBFCLcDWzHnrqZBawwjQnRGZ9A4Erg/uOmZY8b9n/tssKt4odxq3eK0HTQT6NVgtKvLSoKEg==",
      "engines": {
        "node": "*"
      }
    },
    "node_modules/crc": {
      "version": "0.2.0",
      "resolved": "https://registry.npmjs.org/crc/-/crc-0.2.0.tgz",
      "integrity": "sha512-LFlOXOW6KT46bjpUevoixE6UQVdm9wMwCrR4JHxg4LJ+9COF7efwTdVMRXrSlNXYmUQgtAcHsWa0VgKBiQZmMQ==",
      "engines": {
        "node": "*"
      }
    },
    "node_modules/debug": {
      "version": "4.4.0",
      "resolved": "https://registry.npmjs.org/debug/-/debug-4.4.0.tgz",
      "integrity": "sha512-6WTZ/IxCY/T6BALoZHaE4ctp9xm+Z5kY/pzYaCHRFeyVhojxlrm+46y68HA6hr0TcwEssoxNiDEUJQjfPZ/RYA==",
      "license": "MIT",
      "dependencies": {
        "ms": "^2.1.3"
      },
      "engines": {
        "node": ">=6.0"
      },
      "peerDependenciesMeta": {
        "supports-color": {
          "optional": true
        }
      }
    },
    "node_modules/express": {
      "version": "3.0.0",
      "resolved": "https://registry.npmjs.org/express/-/express-3.0.0.tgz",
      "integrity": "sha512-77v5ENowsy0mmT/bY0Z5iXID3JZUtWrgVnVjewaznQLFYQdvel74XiM/hhttrKYEcLoxKsG/HjYFk1rk5Wecqg==",
      "dependencies": {
        "commander": "0.6.1",
        "connect": "2.6.0",
        "cookie": "0.0.4",
        "crc": "0.2.0",
        "debug": "*",
        "fresh": "0.1.0",
        "methods": "0.0.1",
        "mkdirp": "0.3.3",
        "range-parser": "0.0.4",
        "send": "0.1.0"
      },
      "bin": {
        "express": "bin/express"
      },
      "engines": {
        "node": "*"
      }
    },
    "node_modules/formidable": {
      "version": "1.0.11",
      "resolved": "https://registry.npmjs.org/formidable/-/formidable-1.0.11.tgz",
      "integrity": "sha512-ZG3xz6afuCmpLGNtTI/W8HDKWisPv/iZgtEvfB1nF3vJHDJ2M4hpU/HDLJQYnTVqErpaLphweqOMULwP/Ls6cg==",
      "deprecated": "Please upgrade to latest, formidable@v2 or formidable@v3! Check these notes: https://bit.ly/2ZEqIau",
      "engines": {
        "node": "*"
      }
    },
    "node_modules/fresh": {
      "version": "0.1.0",
      "resolved": "https://registry.npmjs.org/fresh/-/fresh-0.1.0.tgz",
      "integrity": "sha512-ROG9M8tikYOuOJsvRBggh10WiQ/JebnldAwuCaQyFoiAUIE9XrYVnpznIjOQGZfCMzxzEBYHQr/LHJp3tcndzQ==",
      "engines": {
        "node": "*"
      }
    },
    "node_modules/methods": {
      "version": "0.0.1",
      "resolved": "https://registry.npmjs.org/methods/-/methods-0.0.1.tgz",
      "integrity": "sha512-pB8oFfci/xcfUgM6DTxc7lbTKifPPgs3mZUOsEgaH+1TTWpmcmv3sHl+5sUHIj2X2W8aPYa2+nJealRHK+Lo6A==",
      "license": "MIT"
    },
    "node_modules/mime": {
      "version": "1.2.6",
      "resolved": "https://registry.npmjs.org/mime/-/mime-1.2.6.tgz",
      "integrity": "sha512-S4yfg1ehMduQ5F3NeTUUWJesnut4RvymaRSatO4etOm68yZE98oCg2GtgG0coGYx03GCv240sezMvRwFk8DUKw==",
      "engines": {
        "node": "*"
      }
    },
    "node_modules/mkdirp": {
      "version": "0.3.3",
      "resolved": "https://registry.npmjs.org/mkdirp/-/mkdirp-0.3.3.tgz",
      "integrity": "sha512-Oamd41MnZw/yuxtarGf3MFbHzFqQY4S17DcN+rATh2t5MKuCtG7vVVRG+RUT6g9+hr47DIVucIHGOUlwmJRvDA==",
      "deprecated": "Legacy versions of mkdirp are no longer supported. Please update to mkdirp 1.x. (Note that the API surface has changed to use Promises in 1.x.)",
      "license": "MIT/X11",
      "engines": {
        "node": "*"
      }
    },
    "node_modules/ms": {
      "version": "2.1.3",
      "resolved": "https://registry.npmjs.org/ms/-/ms-2.1.3.tgz",
      "integrity": "sha512-6FlzubTLZG3J2a/NVCAleEhjzq5oxgHyaCU9yYXvcLsvoVaHJq/s5xXI6/XXP6tz7R9xAOtHnSO/tXtF3WRTlA==",
      "license": "MIT"
    },
    "node_modules/pause": {
      "version": "0.0.1",
      "resolved": "https://registry.npmjs.org/pause/-/pause-0.0.1.tgz",
      "integrity": "sha512-KG8UEiEVkR3wGEb4m5yZkVCzigAD+cVEJck2CzYZO37ZGJfctvVptVO192MwrtPhzONn6go8ylnOdMhKqi4nfg=="
    },
    "node_modules/qs": {
      "version": "0.5.1",
      "resolved": "https://registry.npmjs.org/qs/-/qs-0.5.1.tgz",
      "integrity": "sha512-1NhhAEZMTI+2tQrOAGFlS1HFmKCcI9mvsysUbfqvvz6ObXwxCvPuAqzD+5LYBbEfjrdSOakWzaZx4wFPnND+xA==",
      "engines": {
        "node": "*"
      }
    },
    "node_modules/range-parser": {
      "version": "0.0.4",
      "resolved": "https://registry.npmjs.org/range-parser/-/range-parser-0.0.4.tgz",
      "integrity": "sha512-okJVEq9DbZyg+5lD8pr6ooQmeA0uu8DYIyAU7VK1WUUK7hctI1yw2ZHhKiKjB6RXaDrYRmTR4SsIHkyiQpaLMA==",
      "engines": {
        "node": "*"
      }
    },
    "node_modules/send": {
      "version": "0.1.0",
      "resolved": "https://registry.npmjs.org/send/-/send-0.1.0.tgz",
      "integrity": "sha512-D/GaJQQYx7ICNq9Te5V4wHetfDQdFk3HJ4oBfDUBNW7XQmLbJ8sQDm/wFvVUUpKN8tluOnO1dFdM8KODn6D79w==",
      "dependencies": {
        "debug": "*",
        "fresh": "0.1.0",
        "mime": "1.2.6",
        "range-parser": "0.0.4"
      }
    }
  }
}
