# This file is generated by running "yarn install" inside your project.
# Manual changes might be lost - proceed with caution!

__metadata:
  version: 8
  cacheKey: 10c0

"cli@workspace:packages/cli":
  version: 0.0.0-use.local
  resolution: "cli@workspace:packages/cli"
  languageName: unknown
  linkType: soft

"core@workspace:packages/core":
  version: 0.0.0-use.local
  resolution: "core@workspace:packages/core"
  languageName: unknown
  linkType: soft

"root-workspace-0b6124@workspace:.":
  version: 0.0.0-use.local
  resolution: "root-workspace-0b6124@workspace:."
  languageName: unknown
  linkType: soft

"utils@workspace:packages/utils":
  version: 0.0.0-use.local
  resolution: "utils@workspace:packages/utils"
  languageName: unknown
  linkType: soft
